<Solution>
  <Project Path="../../../Downloads/Enrollment Admin Mode With Sample Data-20260401T113825Z-1-001/Enrollment Admin Mode With Sample Data/WindowsFormsApp1/PUPSISSMB.csproj" Id="2f095b48-d8f8-4724-93d5-2b5fe1b0f900" />
  <Project Path="GENTECH_PROJECTPUPSIS/GENTECH_PROJECTPUPSIS.csproj" Id="2f789dce-4db6-49ed-bb1e-f54fd90b1df1" />
</Solution>
